
Microsoft Visual Studio Solution File, Format Version 12.00
# Visual Studio Version 17
VisualStudioVersion = 17.11.35303.130
MinimumVisualStudioVersion = 10.0.40219.1
Project("{FAE04EC0-301F-11D3-BF4B-00C04F79EFBC}") = "BitBotterich", "BitBotterich\BitBotterich.csproj", "{6FC534BA-51C6-4145-B21D-B99D57441015}"
EndProject
Global
	GlobalSection(SolutionConfigurationPlatforms) = preSolution
		Debug|Any CPU = Debug|Any CPU
		Release|Any CPU = Release|Any CPU
	EndGlobalSection
	GlobalSection(ProjectConfigurationPlatforms) = postSolution
		{6FC534BA-51C6-4145-B21D-B99D57441015}.Debug|Any CPU.ActiveCfg = Debug|Any CPU
		{6FC534BA-51C6-4145-B21D-B99D57441015}.Debug|Any CPU.Build.0 = Debug|Any CPU
		{6FC534BA-51C6-4145-B21D-B99D57441015}.Release|Any CPU.ActiveCfg = Release|Any CPU
		{6FC534BA-51C6-4145-B21D-B99D57441015}.Release|Any CPU.Build.0 = Release|Any CPU
	EndGlobalSection
	GlobalSection(SolutionProperties) = preSolution
		HideSolutionNode = FALSE
	EndGlobalSection
	GlobalSection(ExtensibilityGlobals) = postSolution
		SolutionGuid = {6B727DBC-56B9-4116-86D4-14397858C93C}
	EndGlobalSection
EndGlobal
